
Microsoft Visual Studio Solution File, Format Version 12.00
# Visual Studio 2013
VisualStudioVersion = 12.0.31101.0
MinimumVisualStudioVersion = 10.0.40219.1
Project("{9092AA53-FB77-4645-B42D-1CCCA6BD08BD}") = "Server", "Server.njsproj", "{79969063-1B73-43BD-9391-863F31B051FC}"
EndProject
Project("{2150E333-8FDC-42A3-9474-1A3956D46DE8}") = "Root", "Root", "{83BF201F-A14B-43EF-93F4-E93D43C1F0B5}"
	ProjectSection(SolutionItems) = preProject
		..\web.config = ..\web.config
	EndProjectSection
EndProject
Global
	GlobalSection(SolutionConfigurationPlatforms) = preSolution
		Debug|Any CPU = Debug|Any CPU
		Release|Any CPU = Release|Any CPU
	EndGlobalSection
	GlobalSection(ProjectConfigurationPlatforms) = postSolution
		{79969063-1B73-43BD-9391-863F31B051FC}.Debug|Any CPU.ActiveCfg = Debug|Any CPU
		{79969063-1B73-43BD-9391-863F31B051FC}.Debug|Any CPU.Build.0 = Debug|Any CPU
		{79969063-1B73-43BD-9391-863F31B051FC}.Release|Any CPU.ActiveCfg = Release|Any CPU
		{79969063-1B73-43BD-9391-863F31B051FC}.Release|Any CPU.Build.0 = Release|Any CPU
	EndGlobalSection
	GlobalSection(SolutionProperties) = preSolution
		HideSolutionNode = FALSE
	EndGlobalSection
EndGlobal
